{
  "name": "@neefrankie/using-pongo",
  "version": "1.0.0",
  "lockfileVersion": 1,
  "requires": true,
  "dependencies": {
    "bootstrap": {
      "version": "4.4.1",
      "resolved": "https://registry.npmjs.org/bootstrap/-/bootstrap-4.4.1.tgz",
      "integrity": "sha512-tbx5cHubwE6e2ZG7nqM3g/FZ5PQEDMWmMGNrCUBVRPHXTJaH7CBDdsLeu3eCh3B1tzAxTnAbtmrzvWEvT2NNEA==",
      "dev": true
    },
    "bootstrap.native": {
      "version": "2.0.27",
      "resolved": "https://registry.npmjs.org/bootstrap.native/-/bootstrap.native-2.0.27.tgz",
      "integrity": "sha512-gv2eN4zXHOLN/oPotTxb8CJr9Dk0xlM9YURyHCWjq1Lyt2I669bri/Bp8b0HPOKX7JqRVh+Sk/VwEe0OcQN2fw==",
      "dev": true
    }
  }
}
